
Microsoft Visual Studio Solution File, Format Version 12.00
Project("{FAE04EC0-301F-11D3-BF4B-00C04F79EFBC}") = "ThereFox.JsonRPC.Core", "ThereFox.JsonRPC.Core\ThereFox.JsonRPC.Core.csproj", "{7B0E8063-D067-4C9D-A999-16CCA2206897}"
EndProject
Project("{FAE04EC0-301F-11D3-BF4B-00C04F79EFBC}") = "Tests.Unit.Core", "Tests.Unit.Core\Tests.Unit.Core.csproj", "{79CD41F2-D5CA-4C54-ADB2-EC8C5B6EC33B}"
EndProject
Project("{FAE04EC0-301F-11D3-BF4B-00C04F79EFBC}") = "ThereFox.JsonRPC.Common", "ThereFox.JsonRPC.Common\ThereFox.JsonRPC.Common.csproj", "{FE23D7C4-6AB6-4A5E-9396-C579D25F4AD9}"
EndProject
Project("{FAE04EC0-301F-11D3-BF4B-00C04F79EFBC}") = "ThereFox.JsonRPC.AspNet.Register", "ThereFox.JsonRPC.AspNet.Register\ThereFox.JsonRPC.AspNet.Register.csproj", "{B9E2ED01-8E38-4705-ACD7-69B55DA3535C}"
EndProject
Project("{FAE04EC0-301F-11D3-BF4B-00C04F79EFBC}") = "Example", "Example\Example.csproj", "{6AE05481-BCBB-4918-AD7A-EDCF256BB098}"
EndProject
Project("{2150E333-8FDC-42A3-9474-1A3956D46DE8}") = "Tests", "Tests", "{28FC4969-35A1-468C-B587-0A47AED1E388}"
EndProject
Project("{FAE04EC0-301F-11D3-BF4B-00C04F79EFBC}") = "Tests.Integrational.Registration", "Tests.Integrational.Registration\Tests.Integrational.Registration.csproj", "{4FF53240-9F7F-45A8-80EA-D709486554FA}"
EndProject
Project("{FAE04EC0-301F-11D3-BF4B-00C04F79EFBC}") = "ThereFox.JsonRPC.Core.Client", "ThereFox.JsonRPC.Core.Client\ThereFox.JsonRPC.Core.Client.csproj", "{38A92FD6-4E4A-4C6F-9569-F66FE93952FE}"
EndProject
Project("{2150E333-8FDC-42A3-9474-1A3956D46DE8}") = "Example", "Example", "{9F97B356-CFC3-4291-88B8-76593EC62C36}"
EndProject
Project("{2150E333-8FDC-42A3-9474-1A3956D46DE8}") = "src", "src", "{0BB7D643-1FEC-47E9-B659-DFE0DE7333C3}"
EndProject
Project("{2150E333-8FDC-42A3-9474-1A3956D46DE8}") = "Server", "Server", "{6278C1F4-A2DD-4427-A8A0-5ADA78B4F7AF}"
EndProject
Project("{2150E333-8FDC-42A3-9474-1A3956D46DE8}") = "Client", "Client", "{29C8D7CA-56A9-4A3E-B5EE-0D9DABD60766}"
EndProject
Project("{FAE04EC0-301F-11D3-BF4B-00C04F79EFBC}") = "Tests.Unit.Client", "Tests.Unit.Client\Tests.Unit.Client.csproj", "{87B4596C-5EE8-4D88-83D8-7E5CD907AA6C}"
EndProject
Global
	GlobalSection(SolutionConfigurationPlatforms) = preSolution
		Debug|Any CPU = Debug|Any CPU
		Release|Any CPU = Release|Any CPU
	EndGlobalSection
	GlobalSection(ProjectConfigurationPlatforms) = postSolution
		{7B0E8063-D067-4C9D-A999-16CCA2206897}.Debug|Any CPU.ActiveCfg = Debug|Any CPU
		{7B0E8063-D067-4C9D-A999-16CCA2206897}.Debug|Any CPU.Build.0 = Debug|Any CPU
		{7B0E8063-D067-4C9D-A999-16CCA2206897}.Release|Any CPU.ActiveCfg = Release|Any CPU
		{7B0E8063-D067-4C9D-A999-16CCA2206897}.Release|Any CPU.Build.0 = Release|Any CPU
		{79CD41F2-D5CA-4C54-ADB2-EC8C5B6EC33B}.Debug|Any CPU.ActiveCfg = Debug|Any CPU
		{79CD41F2-D5CA-4C54-ADB2-EC8C5B6EC33B}.Debug|Any CPU.Build.0 = Debug|Any CPU
		{79CD41F2-D5CA-4C54-ADB2-EC8C5B6EC33B}.Release|Any CPU.ActiveCfg = Release|Any CPU
		{79CD41F2-D5CA-4C54-ADB2-EC8C5B6EC33B}.Release|Any CPU.Build.0 = Release|Any CPU
		{FE23D7C4-6AB6-4A5E-9396-C579D25F4AD9}.Debug|Any CPU.ActiveCfg = Debug|Any CPU
		{FE23D7C4-6AB6-4A5E-9396-C579D25F4AD9}.Debug|Any CPU.Build.0 = Debug|Any CPU
		{FE23D7C4-6AB6-4A5E-9396-C579D25F4AD9}.Release|Any CPU.ActiveCfg = Release|Any CPU
		{FE23D7C4-6AB6-4A5E-9396-C579D25F4AD9}.Release|Any CPU.Build.0 = Release|Any CPU
		{B9E2ED01-8E38-4705-ACD7-69B55DA3535C}.Debug|Any CPU.ActiveCfg = Debug|Any CPU
		{B9E2ED01-8E38-4705-ACD7-69B55DA3535C}.Debug|Any CPU.Build.0 = Debug|Any CPU
		{B9E2ED01-8E38-4705-ACD7-69B55DA3535C}.Release|Any CPU.ActiveCfg = Release|Any CPU
		{B9E2ED01-8E38-4705-ACD7-69B55DA3535C}.Release|Any CPU.Build.0 = Release|Any CPU
		{6AE05481-BCBB-4918-AD7A-EDCF256BB098}.Debug|Any CPU.ActiveCfg = Debug|Any CPU
		{6AE05481-BCBB-4918-AD7A-EDCF256BB098}.Debug|Any CPU.Build.0 = Debug|Any CPU
		{6AE05481-BCBB-4918-AD7A-EDCF256BB098}.Release|Any CPU.ActiveCfg = Release|Any CPU
		{6AE05481-BCBB-4918-AD7A-EDCF256BB098}.Release|Any CPU.Build.0 = Release|Any CPU
		{4FF53240-9F7F-45A8-80EA-D709486554FA}.Debug|Any CPU.ActiveCfg = Debug|Any CPU
		{4FF53240-9F7F-45A8-80EA-D709486554FA}.Debug|Any CPU.Build.0 = Debug|Any CPU
		{4FF53240-9F7F-45A8-80EA-D709486554FA}.Release|Any CPU.ActiveCfg = Release|Any CPU
		{4FF53240-9F7F-45A8-80EA-D709486554FA}.Release|Any CPU.Build.0 = Release|Any CPU
		{38A92FD6-4E4A-4C6F-9569-F66FE93952FE}.Debug|Any CPU.ActiveCfg = Debug|Any CPU
		{38A92FD6-4E4A-4C6F-9569-F66FE93952FE}.Debug|Any CPU.Build.0 = Debug|Any CPU
		{38A92FD6-4E4A-4C6F-9569-F66FE93952FE}.Release|Any CPU.ActiveCfg = Release|Any CPU
		{38A92FD6-4E4A-4C6F-9569-F66FE93952FE}.Release|Any CPU.Build.0 = Release|Any CPU
		{87B4596C-5EE8-4D88-83D8-7E5CD907AA6C}.Debug|Any CPU.ActiveCfg = Debug|Any CPU
		{87B4596C-5EE8-4D88-83D8-7E5CD907AA6C}.Debug|Any CPU.Build.0 = Debug|Any CPU
		{87B4596C-5EE8-4D88-83D8-7E5CD907AA6C}.Release|Any CPU.ActiveCfg = Release|Any CPU
		{87B4596C-5EE8-4D88-83D8-7E5CD907AA6C}.Release|Any CPU.Build.0 = Release|Any CPU
	EndGlobalSection
	GlobalSection(NestedProjects) = preSolution
		{79CD41F2-D5CA-4C54-ADB2-EC8C5B6EC33B} = {28FC4969-35A1-468C-B587-0A47AED1E388}
		{4FF53240-9F7F-45A8-80EA-D709486554FA} = {28FC4969-35A1-468C-B587-0A47AED1E388}
		{6AE05481-BCBB-4918-AD7A-EDCF256BB098} = {9F97B356-CFC3-4291-88B8-76593EC62C36}
		{6278C1F4-A2DD-4427-A8A0-5ADA78B4F7AF} = {0BB7D643-1FEC-47E9-B659-DFE0DE7333C3}
		{B9E2ED01-8E38-4705-ACD7-69B55DA3535C} = {6278C1F4-A2DD-4427-A8A0-5ADA78B4F7AF}
		{FE23D7C4-6AB6-4A5E-9396-C579D25F4AD9} = {6278C1F4-A2DD-4427-A8A0-5ADA78B4F7AF}
		{7B0E8063-D067-4C9D-A999-16CCA2206897} = {6278C1F4-A2DD-4427-A8A0-5ADA78B4F7AF}
		{29C8D7CA-56A9-4A3E-B5EE-0D9DABD60766} = {0BB7D643-1FEC-47E9-B659-DFE0DE7333C3}
		{38A92FD6-4E4A-4C6F-9569-F66FE93952FE} = {29C8D7CA-56A9-4A3E-B5EE-0D9DABD60766}
		{87B4596C-5EE8-4D88-83D8-7E5CD907AA6C} = {28FC4969-35A1-468C-B587-0A47AED1E388}
	EndGlobalSection
EndGlobal
